
Microsoft Visual Studio Solution File, Format Version 12.00
# Visual Studio Version 17
VisualStudioVersion = 17.11.35219.272
MinimumVisualStudioVersion = 10.0.40219.1
Project("{FAE04EC0-301F-11D3-BF4B-00C04F79EFBC}") = "API", "E-Learning_API\API.csproj", "{5C106525-5B18-4DC7-A032-E3241AEE36C2}"
EndProject
Project("{FAE04EC0-301F-11D3-BF4B-00C04F79EFBC}") = "BLL", "BLL\BLL.csproj", "{D31EF2E3-D022-43E3-B616-492EC1D274C9}"
EndProject
Project("{FAE04EC0-301F-11D3-BF4B-00C04F79EFBC}") = "DAL", "DAL\DAL.csproj", "{711CF132-158D-4BB8-8BDC-5664E946D685}"
EndProject
Project("{FAE04EC0-301F-11D3-BF4B-00C04F79EFBC}") = "AdminPanel", "AdminPanel\AdminPanel.csproj", "{338913BD-6C27-4E8C-B5BF-B2FC6F6BE32D}"
EndProject
Global
	GlobalSection(SolutionConfigurationPlatforms) = preSolution
		Debug|Any CPU = Debug|Any CPU
		Release|Any CPU = Release|Any CPU
	EndGlobalSection
	GlobalSection(ProjectConfigurationPlatforms) = postSolution
		{5C106525-5B18-4DC7-A032-E3241AEE36C2}.Debug|Any CPU.ActiveCfg = Debug|Any CPU
		{5C106525-5B18-4DC7-A032-E3241AEE36C2}.Debug|Any CPU.Build.0 = Debug|Any CPU
		{5C106525-5B18-4DC7-A032-E3241AEE36C2}.Release|Any CPU.ActiveCfg = Release|Any CPU
		{5C106525-5B18-4DC7-A032-E3241AEE36C2}.Release|Any CPU.Build.0 = Release|Any CPU
		{D31EF2E3-D022-43E3-B616-492EC1D274C9}.Debug|Any CPU.ActiveCfg = Debug|Any CPU
		{D31EF2E3-D022-43E3-B616-492EC1D274C9}.Debug|Any CPU.Build.0 = Debug|Any CPU
		{D31EF2E3-D022-43E3-B616-492EC1D274C9}.Release|Any CPU.ActiveCfg = Release|Any CPU
		{D31EF2E3-D022-43E3-B616-492EC1D274C9}.Release|Any CPU.Build.0 = Release|Any CPU
		{711CF132-158D-4BB8-8BDC-5664E946D685}.Debug|Any CPU.ActiveCfg = Debug|Any CPU
		{711CF132-158D-4BB8-8BDC-5664E946D685}.Debug|Any CPU.Build.0 = Debug|Any CPU
		{711CF132-158D-4BB8-8BDC-5664E946D685}.Release|Any CPU.ActiveCfg = Release|Any CPU
		{711CF132-158D-4BB8-8BDC-5664E946D685}.Release|Any CPU.Build.0 = Release|Any CPU
		{338913BD-6C27-4E8C-B5BF-B2FC6F6BE32D}.Debug|Any CPU.ActiveCfg = Debug|Any CPU
		{338913BD-6C27-4E8C-B5BF-B2FC6F6BE32D}.Debug|Any CPU.Build.0 = Debug|Any CPU
		{338913BD-6C27-4E8C-B5BF-B2FC6F6BE32D}.Release|Any CPU.ActiveCfg = Release|Any CPU
		{338913BD-6C27-4E8C-B5BF-B2FC6F6BE32D}.Release|Any CPU.Build.0 = Release|Any CPU
	EndGlobalSection
	GlobalSection(SolutionProperties) = preSolution
		HideSolutionNode = FALSE
	EndGlobalSection
	GlobalSection(ExtensibilityGlobals) = postSolution
		SolutionGuid = {45216D71-4A64-4F7A-9779-34930853FB35}
	EndGlobalSection
EndGlobal
